
Microsoft Visual Studio Solution File, Format Version 12.00
# Visual Studio Version 16
VisualStudioVersion = 16.0.31729.503
MinimumVisualStudioVersion = 10.0.40219.1
Project("{FAE04EC0-301F-11D3-BF4B-00C04F79EFBC}") = "LapTop", "LapTop\LapTop.csproj", "{9DFB7BC6-A1D0-4897-A35B-A82E35DEA1A5}"
EndProject
Global
	GlobalSection(SolutionConfigurationPlatforms) = preSolution
		Debug|Any CPU = Debug|Any CPU
		Release|Any CPU = Release|Any CPU
	EndGlobalSection
	GlobalSection(ProjectConfigurationPlatforms) = postSolution
		{9DFB7BC6-A1D0-4897-A35B-A82E35DEA1A5}.Debug|Any CPU.ActiveCfg = Debug|Any CPU
		{9DFB7BC6-A1D0-4897-A35B-A82E35DEA1A5}.Debug|Any CPU.Build.0 = Debug|Any CPU
		{9DFB7BC6-A1D0-4897-A35B-A82E35DEA1A5}.Release|Any CPU.ActiveCfg = Release|Any CPU
		{9DFB7BC6-A1D0-4897-A35B-A82E35DEA1A5}.Release|Any CPU.Build.0 = Release|Any CPU
	EndGlobalSection
	GlobalSection(SolutionProperties) = preSolution
		HideSolutionNode = FALSE
	EndGlobalSection
	GlobalSection(ExtensibilityGlobals) = postSolution
		SolutionGuid = {287EC705-9D6C-484A-9A14-D2A7C77C7E49}
	EndGlobalSection
EndGlobal
